// !$*UTF8*$!
{
	archiveVersion = 1;
	classes = {
	};
	objectVersion = 46;
	objects = {

/* Begin PBXBuildFile section */
		6701D9741C108A2100F87043 /* AppDelegate.swift in Sources */ = {isa = PBXBuildFile; fileRef = 6701D9731C108A2100F87043 /* AppDelegate.swift */; };
		6701D9761C108A2100F87043 /* ViewController.swift in Sources */ = {isa = PBXBuildFile; fileRef = 6701D9751C108A2100F87043 /* ViewController.swift */; };
		6701D9791C108A2100F87043 /* Main.storyboard in Resources */ = {isa = PBXBuildFile; fileRef = 6701D9771C108A2100F87043 /* Main.storyboard */; };
		6701D97B1C108A2100F87043 /* Assets.xcassets in Resources */ = {isa = PBXBuildFile; fileRef = 6701D97A1C108A2100F87043 /* Assets.xcassets */; };
		6701D97E1C108A2100F87043 /* LaunchScreen.storyboard in Resources */ = {isa = PBXBuildFile; fileRef = 6701D97C1C108A2100F87043 /* LaunchScreen.storyboard */; };
		6701D9891C108A2100F87043 /* TochaProtoTests.swift in Sources */ = {isa = PBXBuildFile; fileRef = 6701D9881C108A2100F87043 /* TochaProtoTests.swift */; };
		6701D9941C108A2100F87043 /* TochaProtoUITests.swift in Sources */ = {isa = PBXBuildFile; fileRef = 6701D9931C108A2100F87043 /* TochaProtoUITests.swift */; };
/* End PBXBuildFile section */

/* Begin PBXContainerItemProxy section */
		6701D9851C108A2100F87043 /* PBXContainerItemProxy */ = {
			isa = PBXContainerItemProxy;
			containerPortal = 6701D9681C108A2100F87043 /* Project object */;
			proxyType = 1;
			remoteGlobalIDString = 6701D96F1C108A2100F87043;
			remoteInfo = TochaProto;
		};
		6701D9901C108A2100F87043 /* PBXContainerItemProxy */ = {
			isa = PBXContainerItemProxy;
			containerPortal = 6701D9681C108A2100F87043 /* Project object */;
			proxyType = 1;
			remoteGlobalIDString = 6701D96F1C108A2100F87043;
			remoteInfo = TochaProto;
		};
/* End PBXContainerItemProxy section */

/* Begin PBXFileReference section */
		6701D9701C108A2100F87043 /* TochaProto.app */ = {isa = PBXFileReference; explicitFileType = wrapper.application; includeInIndex = 0; path = TochaProto.app; sourceTree = BUILT_PRODUCTS_DIR; };
		6701D9731C108A2100F87043 /* AppDelegate.swift */ = {isa = PBXFileReference; lastKnownFileType = sourcecode.swift; path = AppDelegate.swift; sourceTree = "<group>"; };
		6701D9751C108A2100F87043 /* ViewController.swift */ = {isa = PBXFileReference; lastKnownFileType = sourcecode.swift; path = ViewController.swift; sourceTree = "<group>"; };
		6701D9781C108A2100F87043 /* Base */ = {isa = PBXFileReference; lastKnownFileType = file.storyboard; name = Base; path = Base.lproj/Main.storyboard; sourceTree = "<group>"; };
		6701D97A1C108A2100F87043 /* Assets.xcassets */ = {isa = PBXFileReference; lastKnownFileType = folder.assetcatalog; path = Assets.xcassets; sourceTree = "<group>"; };
		6701D97D1C108A2100F87043 /* Base */ = {isa = PBXFileReference; lastKnownFileType = file.storyboard; name = Base; path = Base.lproj/LaunchScreen.storyboard; sourceTree = "<group>"; };
		6701D97F1C108A2100F87043 /* Info.plist */ = {isa = PBXFileReference; lastKnownFileType = text.plist.xml; path = Info.plist; sourceTree = "<group>"; };
		6701D9841C108A2100F87043 /* TochaProtoTests.xctest */ = {isa = PBXFileReference; explicitFileType = wrapper.cfbundle; includeInIndex = 0; path = TochaProtoTests.xctest; sourceTree = BUILT_PRODUCTS_DIR; };
		6701D9881C108A2100F87043 /* TochaProtoTests.swift */ = {isa = PBXFileReference; lastKnownFileType = sourcecode.swift; path = TochaProtoTests.swift; sourceTree = "<group>"; };
		6701D98A1C108A2100F87043 /* Info.plist */ = {isa = PBXFileReference; lastKnownFileType = text.plist.xml; path = Info.plist; sourceTree = "<group>"; };
		6701D98F1C108A2100F87043 /* TochaProtoUITests.xctest */ = {isa = PBXFileReference; explicitFileType = wrapper.cfbundle; includeInIndex = 0; path = TochaProtoUITests.xctest; sourceTree = BUILT_PRODUCTS_DIR; };
		6701D9931C108A2100F87043 /* TochaProtoUITests.swift */ = {isa = PBXFileReference; lastKnownFileType = sourcecode.swift; path = TochaProtoUITests.swift; sourceTree = "<group>"; };
		6701D9951C108A2100F87043 /* Info.plist */ = {isa = PBXFileReference; lastKnownFileType = text.plist.xml; path = Info.plist; sourceTree = "<group>"; };
/* End PBXFileReference section */

/* Begin PBXFrameworksBuildPhase section */
		6701D96D1C108A2100F87043 /* Frameworks */ = {
			isa = PBXFrameworksBuildPhase;
			buildActionMask = 2147483647;
			files = (
			);
			runOnlyForDeploymentPostprocessing = 0;
		};
		6701D9811C108A2100F87043 /* Frameworks */ = {
			isa = PBXFrameworksBuildPhase;
			buildActionMask = 2147483647;
			files = (
			);
			runOnlyForDeploymentPostprocessing = 0;
		};
		6701D98C1C108A2100F87043 /* Frameworks */ = {
			isa = PBXFrameworksBuildPhase;
			buildActionMask = 2147483647;
			files = (
			);
			runOnlyForDeploymentPostprocessing = 0;
		};
/* End PBXFrameworksBuildPhase section */

/* Begin PBXGroup section */
		6701D9671C108A2100F87043 = {
			isa = PBXGroup;
			children = (
				6701D9721C108A2100F87043 /* TochaProto */,
				6701D9871C108A2100F87043 /* TochaProtoTests */,
				6701D9921C108A2100F87043 /* TochaProtoUITests */,
				6701D9711C108A2100F87043 /* Products */,
			);
			sourceTree = "<group>";
		};
		6701D9711C108A2100F87043 /* Products */ = {
			isa = PBXGroup;
			children = (
				6701D9701C108A2100F87043 /* TochaProto.app */,
				6701D9841C108A2100F87043 /* TochaProtoTests.xctest */,
				6701D98F1C108A2100F87043 /* TochaProtoUITests.xctest */,
			);
			name = Products;
			sourceTree = "<group>";
		};
		6701D9721C108A2100F87043 /* TochaProto */ = {
			isa = PBXGroup;
			children = (
				6701D9731C108A2100F87043 /* AppDelegate.swift */,
				6701D9751C108A2100F87043 /* ViewController.swift */,
				6701D9771C108A2100F87043 /* Main.storyboard */,
				6701D97A1C108A2100F87043 /* Assets.xcassets */,
				6701D97C1C108A2100F87043 /* LaunchScreen.storyboard */,
				6701D97F1C108A2100F87043 /* Info.plist */,
			);
			path = TochaProto;
			sourceTree = "<group>";
		};
		6701D9871C108A2100F87043 /* TochaProtoTests */ = {
			isa = PBXGroup;
			children = (
				6701D9881C108A2100F87043 /* TochaProtoTests.swift */,
				6701D98A1C108A2100F87043 /* Info.plist */,
			);
			path = TochaProtoTests;
			sourceTree = "<group>";
		};
		6701D9921C108A2100F87043 /* TochaProtoUITests */ = {
			isa = PBXGroup;
			children = (
				6701D9931C108A2100F87043 /* TochaProtoUITests.swift */,
				6701D9951C108A2100F87043 /* Info.plist */,
			);
			path = TochaProtoUITests;
			sourceTree = "<group>";
		};
/* End PBXGroup section */

/* Begin PBXNativeTarget section */
		6701D96F1C108A2100F87043 /* TochaProto */ = {
			isa = PBXNativeTarget;
			buildConfigurationList = 6701D9981C108A2100F87043 /* Build configuration list for PBXNativeTarget "TochaProto" */;
			buildPhases = (
				6701D96C1C108A2100F87043 /* Sources */,
				6701D96D1C108A2100F87043 /* Frameworks */,
				6701D96E1C108A2100F87043 /* Resources */,
			);
			buildRules = (
			);
			dependencies = (
			);
			name = TochaProto;
			productName = TochaProto;
			productReference = 6701D9701C108A2100F87043 /* TochaProto.app */;
			productType = "com.apple.product-type.application";
		};
		6701D9831C108A2100F87043 /* TochaProtoTests */ = {
			isa = PBXNativeTarget;
			buildConfigurationList = 6701D99B1C108A2100F87043 /* Build configuration list for PBXNativeTarget "TochaProtoTests" */;
			buildPhases = (
				6701D9801C108A2100F87043 /* Sources */,
				6701D9811C108A2100F87043 /* Frameworks */,
				6701D9821C108A2100F87043 /* Resources */,
			);
			buildRules = (
			);
			dependencies = (
				6701D9861C108A2100F87043 /* PBXTargetDependency */,
			);
			name = TochaProtoTests;
			productName = TochaProtoTests;
			productReference = 6701D9841C108A2100F87043 /* TochaProtoTests.xctest */;
			productType = "com.apple.product-type.bundle.unit-test";
		};
		6701D98E1C108A2100F87043 /* TochaProtoUITests */ = {
			isa = PBXNativeTarget;
			buildConfigurationList = 6701D99E1C108A2100F87043 /* Build configuration list for PBXNativeTarget "TochaProtoUITests" */;
			buildPhases = (
				6701D98B1C108A2100F87043 /* Sources */,
				6701D98C1C108A2100F87043 /* Frameworks */,
				6701D98D1C108A2100F87043 /* Resources */,
			);
			buildRules = (
			);
			dependencies = (
				6701D9911C108A2100F87043 /* PBXTargetDependency */,
			);
			name = TochaProtoUITests;
			productName = TochaProtoUITests;
			productReference = 6701D98F1C108A2100F87043 /* TochaProtoUITests.xctest */;
			productType = "com.apple.product-type.bundle.ui-testing";
		};
/* End PBXNativeTarget section */

/* Begin PBXProject section */
		6701D9681C108A2100F87043 /* Project object */ = {
			isa = PBXProject;
			attributes = {
				LastSwiftUpdateCheck = 0710;
				LastUpgradeCheck = 0710;
				ORGANIZATIONNAME = LaTV;
				TargetAttributes = {
					6701D96F1C108A2100F87043 = {
						CreatedOnToolsVersion = 7.1.1;
					};
					6701D9831C108A2100F87043 = {
						CreatedOnToolsVersion = 7.1.1;
						TestTargetID = 6701D96F1C108A2100F87043;
					};
					6701D98E1C108A2100F87043 = {
						CreatedOnToolsVersion = 7.1.1;
						TestTargetID = 6701D96F1C108A2100F87043;
					};
				};
			};
			buildConfigurationList = 6701D96B1C108A2100F87043 /* Build configuration list for PBXProject "TochaProto" */;
			compatibilityVersion = "Xcode 3.2";
			developmentRegion = English;
			hasScannedForEncodings = 0;
			knownRegions = (
				en,
				Base,
			);
			mainGroup = 6701D9671C108A2100F87043;
			productRefGroup = 6701D9711C108A2100F87043 /* Products */;
			projectDirPath = "";
			projectRoot = "";
			targets = (
				6701D96F1C108A2100F87043 /* TochaProto */,
				6701D9831C108A2100F87043 /* TochaProtoTests */,
				6701D98E1C108A2100F87043 /* TochaProtoUITests */,
			);
		};
/* End PBXProject section */

/* Begin PBXResourcesBuildPhase section */
		6701D96E1C108A2100F87043 /* Resources */ = {
			isa = PBXResourcesBuildPhase;
			buildActionMask = 2147483647;
			files = (
				6701D97E1C108A2100F87043 /* LaunchScreen.storyboard in Resources */,
				6701D97B1C108A2100F87043 /* Assets.xcassets in Resources */,
				6701D9791C108A2100F87043 /* Main.storyboard in Resources */,
			);
			runOnlyForDeploymentPostprocessing = 0;
		};
		6701D9821C108A2100F87043 /* Resources */ = {
			isa = PBXResourcesBuildPhase;
			buildActionMask = 2147483647;
			files = (
			);
			runOnlyForDeploymentPostprocessing = 0;
		};
		6701D98D1C108A2100F87043 /* Resources */ = {
			isa = PBXResourcesBuildPhase;
			buildActionMask = 2147483647;
			files = (
			);
			runOnlyForDeploymentPostprocessing = 0;
		};
/* End PBXResourcesBuildPhase section */

/* Begin PBXSourcesBuildPhase section */
		6701D96C1C108A2100F87043 /* Sources */ = {
			isa = PBXSourcesBuildPhase;
			buildActionMask = 2147483647;
			files = (
				6701D9761C108A2100F87043 /* ViewController.swift in Sources */,
				6701D9741C108A2100F87043 /* AppDelegate.swift in Sources */,
			);
			runOnlyForDeploymentPostprocessing = 0;
		};
		6701D9801C108A2100F87043 /* Sources */ = {
			isa = PBXSourcesBuildPhase;
			buildActionMask = 2147483647;
			files = (
				6701D9891C108A2100F87043 /* TochaProtoTests.swift in Sources */,
			);
			runOnlyForDeploymentPostprocessing = 0;
		};
		6701D98B1C108A2100F87043 /* Sources */ = {
			isa = PBXSourcesBuildPhase;
			buildActionMask = 2147483647;
			files = (
				6701D9941C108A2100F87043 /* TochaProtoUITests.swift in Sources */,
			);
			runOnlyForDeploymentPostprocessing = 0;
		};
/* End PBXSourcesBuildPhase section */

/* Begin PBXTargetDependency section */
		6701D9861C108A2100F87043 /* PBXTargetDependency */ = {
			isa = PBXTargetDependency;
			target = 6701D96F1C108A2100F87043 /* TochaProto */;
			targetProxy = 6701D9851C108A2100F87043 /* PBXContainerItemProxy */;
		};
		6701D9911C108A2100F87043 /* PBXTargetDependency */ = {
			isa = PBXTargetDependency;
			target = 6701D96F1C108A2100F87043 /* TochaProto */;
			targetProxy = 6701D9901C108A2100F87043 /* PBXContainerItemProxy */;
		};
/* End PBXTargetDependency section */

/* Begin PBXVariantGroup section */
		6701D9771C108A2100F87043 /* Main.storyboard */ = {
			isa = PBXVariantGroup;
			children = (
				6701D9781C108A2100F87043 /* Base */,
			);
			name = Main.storyboard;
			sourceTree = "<group>";
		};
		6701D97C1C108A2100F87043 /* LaunchScreen.storyboard */ = {
			isa = PBXVariantGroup;
			children = (
				6701D97D1C108A2100F87043 /* Base */,
			);
			name = LaunchScreen.storyboard;
			sourceTree = "<group>";
		};
/* End PBXVariantGroup section */

/* Begin XCBuildConfiguration section */
		6701D9961C108A2100F87043 /* Debug */ = {
			isa = XCBuildConfiguration;
			buildSettings = {
				ALWAYS_SEARCH_USER_PATHS = NO;
				CLANG_CXX_LANGUAGE_STANDARD = "gnu++0x";
				CLANG_CXX_LIBRARY = "libc++";
				CLANG_ENABLE_MODULES = YES;
				CLANG_ENABLE_OBJC_ARC = YES;
				CLANG_WARN_BOOL_CONVERSION = YES;
				CLANG_WARN_CONSTANT_CONVERSION = YES;
				CLANG_WARN_DIRECT_OBJC_ISA_USAGE = YES_ERROR;
				CLANG_WARN_EMPTY_BODY = YES;
				CLANG_WARN_ENUM_CONVERSION = YES;
				CLANG_WARN_INT_CONVERSION = YES;
				CLANG_WARN_OBJC_ROOT_CLASS = YES_ERROR;
				CLANG_WARN_UNREACHABLE_CODE = YES;
				CLANG_WARN__DUPLICATE_METHOD_MATCH = YES;
				"CODE_SIGN_IDENTITY[sdk=iphoneos*]" = "iPhone Developer";
				COPY_PHASE_STRIP = NO;
				DEBUG_INFORMATION_FORMAT = dwarf;
				ENABLE_STRICT_OBJC_MSGSEND = YES;
				ENABLE_TESTABILITY = YES;
				GCC_C_LANGUAGE_STANDARD = gnu99;
				GCC_DYNAMIC_NO_PIC = NO;
				GCC_NO_COMMON_BLOCKS = YES;
				GCC_OPTIMIZATION_LEVEL = 0;
				GCC_PREPROCESSOR_DEFINITIONS = (
					"DEBUG=1",
					"$(inherited)",
				);
				GCC_WARN_64_TO_32_BIT_CONVERSION = YES;
				GCC_WARN_ABOUT_RETURN_TYPE = YES_ERROR;
				GCC_WARN_UNDECLARED_SELECTOR = YES;
				GCC_WARN_UNINITIALIZED_AUTOS = YES_AGGRESSIVE;
				GCC_WARN_UNUSED_FUNCTION = YES;
				GCC_WARN_UNUSED_VARIABLE = YES;
				IPHONEOS_DEPLOYMENT_TARGET = 9.1;
				MTL_ENABLE_DEBUG_INFO = YES;
				ONLY_ACTIVE_ARCH = YES;
				SDKROOT = iphoneos;
				SWIFT_OPTIMIZATION_LEVEL = "-Onone";
			};
			name = Debug;
		};
		6701D9971C108A2100F87043 /* Release */ = {
			isa = XCBuildConfiguration;
			buildSettings = {
				ALWAYS_SEARCH_USER_PATHS = NO;
				CLANG_CXX_LANGUAGE_STANDARD = "gnu++0x";
				CLANG_CXX_LIBRARY = "libc++";
				CLANG_ENABLE_MODULES = YES;
				CLANG_ENABLE_OBJC_ARC = YES;
				CLANG_WARN_BOOL_CONVERSION = YES;
				CLANG_WARN_CONSTANT_CONVERSION = YES;
				CLANG_WARN_DIRECT_OBJC_ISA_USAGE = YES_ERROR;
				CLANG_WARN_EMPTY_BODY = YES;
				CLANG_WARN_ENUM_CONVERSION = YES;
				CLANG_WARN_INT_CONVERSION = YES;
				CLANG_WARN_OBJC_ROOT_CLASS = YES_ERROR;
				CLANG_WARN_UNREACHABLE_CODE = YES;
				CLANG_WARN__DUPLICATE_METHOD_MATCH = YES;
				"CODE_SIGN_IDENTITY[sdk=iphoneos*]" = "iPhone Developer";
				COPY_PHASE_STRIP = NO;
				DEBUG_INFORMATION_FORMAT = "dwarf-with-dsym";
				ENABLE_NS_ASSERTIONS = NO;
				ENABLE_STRICT_OBJC_MSGSEND = YES;
				GCC_C_LANGUAGE_STANDARD = gnu99;
				GCC_NO_COMMON_BLOCKS = YES;
				GCC_WARN_64_TO_32_BIT_CONVERSION = YES;
				GCC_WARN_ABOUT_RETURN_TYPE = YES_ERROR;
				GCC_WARN_UNDECLARED_SELECTOR = YES;
				GCC_WARN_UNINITIALIZED_AUTOS = YES_AGGRESSIVE;
				GCC_WARN_UNUSED_FUNCTION = YES;
				GCC_WARN_UNUSED_VARIABLE = YES;
				IPHONEOS_DEPLOYMENT_TARGET = 9.1;
				MTL_ENABLE_DEBUG_INFO = NO;
				SDKROOT = iphoneos;
				VALIDATE_PRODUCT = YES;
			};
			name = Release;
		};
		6701D9991C108A2100F87043 /* Debug */ = {
			isa = XCBuildConfiguration;
			buildSettings = {
				ASSETCATALOG_COMPILER_APPICON_NAME = AppIcon;
				INFOPLIST_FILE = TochaProto/Info.plist;
				LD_RUNPATH_SEARCH_PATHS = "$(inherited) @executable_path/Frameworks";
				PRODUCT_BUNDLE_IDENTIFIER = com.latv.TochaProto;
				PRODUCT_NAME = "$(TARGET_NAME)";
			};
			name = Debug;
		};
		6701D99A1C108A2100F87043 /* Release */ = {
			isa = XCBuildConfiguration;
			buildSettings = {
				ASSETCATALOG_COMPILER_APPICON_NAME = AppIcon;
				INFOPLIST_FILE = TochaProto/Info.plist;
				LD_RUNPATH_SEARCH_PATHS = "$(inherited) @executable_path/Frameworks";
				PRODUCT_BUNDLE_IDENTIFIER = com.latv.TochaProto;
				PRODUCT_NAME = "$(TARGET_NAME)";
			};
			name = Release;
		};
		6701D99C1C108A2100F87043 /* Debug */ = {
			isa = XCBuildConfiguration;
			buildSettings = {
				BUNDLE_LOADER = "$(TEST_HOST)";
				INFOPLIST_FILE = TochaProtoTests/Info.plist;
				LD_RUNPATH_SEARCH_PATHS = "$(inherited) @executable_path/Frameworks @loader_path/Frameworks";
				PRODUCT_BUNDLE_IDENTIFIER = com.latv.TochaProtoTests;
				PRODUCT_NAME = "$(TARGET_NAME)";
				TEST_HOST = "$(BUILT_PRODUCTS_DIR)/TochaProto.app/TochaProto";
			};
			name = Debug;
		};
		6701D99D1C108A2100F87043 /* Release */ = {
			isa = XCBuildConfiguration;
			buildSettings = {
				BUNDLE_LOADER = "$(TEST_HOST)";
				INFOPLIST_FILE = TochaProtoTests/Info.plist;
				LD_RUNPATH_SEARCH_PATHS = "$(inherited) @executable_path/Frameworks @loader_path/Frameworks";
				PRODUCT_BUNDLE_IDENTIFIER = com.latv.TochaProtoTests;
				PRODUCT_NAME = "$(TARGET_NAME)";
				TEST_HOST = "$(BUILT_PRODUCTS_DIR)/TochaProto.app/TochaProto";
			};
			name = Release;
		};
		6701D99F1C108A2100F87043 /* Debug */ = {
			isa = XCBuildConfiguration;
			buildSettings = {
				INFOPLIST_FILE = TochaProtoUITests/Info.plist;
				LD_RUNPATH_SEARCH_PATHS = "$(inherited) @executable_path/Frameworks @loader_path/Frameworks";
				PRODUCT_BUNDLE_IDENTIFIER = com.latv.TochaProtoUITests;
				PRODUCT_NAME = "$(TARGET_NAME)";
				TEST_TARGET_NAME = TochaProto;
				USES_XCTRUNNER = YES;
			};
			name = Debug;
		};
		6701D9A01C108A2100F87043 /* Release */ = {
			isa = XCBuildConfiguration;
			buildSettings = {
				INFOPLIST_FILE = TochaProtoUITests/Info.plist;
				LD_RUNPATH_SEARCH_PATHS = "$(inherited) @executable_path/Frameworks @loader_path/Frameworks";
				PRODUCT_BUNDLE_IDENTIFIER = com.latv.TochaProtoUITests;
				PRODUCT_NAME = "$(TARGET_NAME)";
				TEST_TARGET_NAME = TochaProto;
				USES_XCTRUNNER = YES;
			};
			name = Release;
		};
/* End XCBuildConfiguration section */

/* Begin XCConfigurationList section */
		6701D96B1C108A2100F87043 /* Build configuration list for PBXProject "TochaProto" */ = {
			isa = XCConfigurationList;
			buildConfigurations = (
				6701D9961C108A2100F87043 /* Debug */,
				6701D9971C108A2100F87043 /* Release */,
			);
			defaultConfigurationIsVisible = 0;
			defaultConfigurationName = Release;
		};
		6701D9981C108A2100F87043 /* Build configuration list for PBXNativeTarget "TochaProto" */ = {
			isa = XCConfigurationList;
			buildConfigurations = (
				6701D9991C108A2100F87043 /* Debug */,
				6701D99A1C108A2100F87043 /* Release */,
			);
			defaultConfigurationIsVisible = 0;
		};
		6701D99B1C108A2100F87043 /* Build configuration list for PBXNativeTarget "TochaProtoTests" */ = {
			isa = XCConfigurationList;
			buildConfigurations = (
				6701D99C1C108A2100F87043 /* Debug */,
				6701D99D1C108A2100F87043 /* Release */,
			);
			defaultConfigurationIsVisible = 0;
		};
		6701D99E1C108A2100F87043 /* Build configuration list for PBXNativeTarget "TochaProtoUITests" */ = {
			isa = XCConfigurationList;
			buildConfigurations = (
				6701D99F1C108A2100F87043 /* Debug */,
				6701D9A01C108A2100F87043 /* Release */,
			);
			defaultConfigurationIsVisible = 0;
		};
/* End XCConfigurationList section */
	};
	rootObject = 6701D9681C108A2100F87043 /* Project object */;
}
